
Microsoft Visual Studio Solution File, Format Version 12.00
# Visual Studio 15
VisualStudioVersion = 15.0.28010.2046
MinimumVisualStudioVersion = 10.0.40219.1
Project("{9A19103F-16F7-4668-BE54-9A1E7A4F7556}") = "School", "School\School.csproj", "{8E147170-CD98-4242-BB1F-F6BCC94B584A}"
EndProject
Project("{2150E333-8FDC-42A3-9474-1A3956D46DE8}") = "src", "src", "{BB6180E8-C342-4336-9B4C-5D4DB1CB1B46}"
EndProject
Project("{2150E333-8FDC-42A3-9474-1A3956D46DE8}") = "CoreServices", "CoreServices", "{F5BF8885-0D39-4A53-B0C4-CCAC47FF6C3A}"
EndProject
Project("{2150E333-8FDC-42A3-9474-1A3956D46DE8}") = "Domain", "Domain", "{25AD7DD5-74E4-4F51-B7F3-E1F82BCA628D}"
EndProject
Project("{9A19103F-16F7-4668-BE54-9A1E7A4F7556}") = "School.CoreServices.Domain", "School.CoreServices.Domain\School.CoreServices.Domain.csproj", "{6450ECC0-DDBC-48DD-BCD9-5D98A09A5FD7}"
EndProject
Project("{2150E333-8FDC-42A3-9474-1A3956D46DE8}") = "Utils", "Utils", "{088585AC-1950-49B1-ADAB-DDEADE923785}"
EndProject
Project("{2150E333-8FDC-42A3-9474-1A3956D46DE8}") = "Persistance", "Persistance", "{1CA5122D-97A6-4DAC-ADBE-1DF7AF31FA88}"
EndProject
Project("{9A19103F-16F7-4668-BE54-9A1E7A4F7556}") = "School.Utils.Persistance", "School.Utils.Persistance\School.Utils.Persistance.csproj", "{D9C8CAFE-EE43-44F3-AF7C-EDDD0FF8F9D4}"
EndProject
Project("{2150E333-8FDC-42A3-9474-1A3956D46DE8}") = "Services", "Services", "{D9E491B4-4D0E-483A-852D-03D7C50A3054}"
EndProject
Project("{9A19103F-16F7-4668-BE54-9A1E7A4F7556}") = "School.CoreServices.Services", "School.CoreServices.Services\School.CoreServices.Services.csproj", "{32B9DA94-D037-4219-8C6D-B1305E07FB5E}"
EndProject
Project("{2150E333-8FDC-42A3-9474-1A3956D46DE8}") = "CSV", "CSV", "{8A6EA94E-2E40-4B2F-A630-49BFC9A96E53}"
EndProject
Project("{FAE04EC0-301F-11D3-BF4B-00C04F79EFBC}") = "School.Utils.CSV", "School.Utils.CSV\School.Utils.CSV.csproj", "{8BA3557E-08C6-44B8-A669-D77C934EA909}"
EndProject
Project("{2150E333-8FDC-42A3-9474-1A3956D46DE8}") = "DAO", "DAO", "{2E2A7F11-95DC-4292-81F5-EEE4457AF034}"
EndProject
Project("{FAE04EC0-301F-11D3-BF4B-00C04F79EFBC}") = "School.CoreServices.DAO", "School.CoreServices.DAO\School.CoreServices.DAO.csproj", "{20881A09-D4F8-45B1-B4EF-BAD5DB510A74}"
EndProject
Global
	GlobalSection(SolutionConfigurationPlatforms) = preSolution
		Debug|Any CPU = Debug|Any CPU
		Release|Any CPU = Release|Any CPU
	EndGlobalSection
	GlobalSection(ProjectConfigurationPlatforms) = postSolution
		{8E147170-CD98-4242-BB1F-F6BCC94B584A}.Debug|Any CPU.ActiveCfg = Debug|Any CPU
		{8E147170-CD98-4242-BB1F-F6BCC94B584A}.Debug|Any CPU.Build.0 = Debug|Any CPU
		{8E147170-CD98-4242-BB1F-F6BCC94B584A}.Release|Any CPU.ActiveCfg = Release|Any CPU
		{8E147170-CD98-4242-BB1F-F6BCC94B584A}.Release|Any CPU.Build.0 = Release|Any CPU
		{6450ECC0-DDBC-48DD-BCD9-5D98A09A5FD7}.Debug|Any CPU.ActiveCfg = Debug|Any CPU
		{6450ECC0-DDBC-48DD-BCD9-5D98A09A5FD7}.Debug|Any CPU.Build.0 = Debug|Any CPU
		{6450ECC0-DDBC-48DD-BCD9-5D98A09A5FD7}.Release|Any CPU.ActiveCfg = Release|Any CPU
		{6450ECC0-DDBC-48DD-BCD9-5D98A09A5FD7}.Release|Any CPU.Build.0 = Release|Any CPU
		{D9C8CAFE-EE43-44F3-AF7C-EDDD0FF8F9D4}.Debug|Any CPU.ActiveCfg = Debug|Any CPU
		{D9C8CAFE-EE43-44F3-AF7C-EDDD0FF8F9D4}.Debug|Any CPU.Build.0 = Debug|Any CPU
		{D9C8CAFE-EE43-44F3-AF7C-EDDD0FF8F9D4}.Release|Any CPU.ActiveCfg = Release|Any CPU
		{D9C8CAFE-EE43-44F3-AF7C-EDDD0FF8F9D4}.Release|Any CPU.Build.0 = Release|Any CPU
		{32B9DA94-D037-4219-8C6D-B1305E07FB5E}.Debug|Any CPU.ActiveCfg = Debug|Any CPU
		{32B9DA94-D037-4219-8C6D-B1305E07FB5E}.Debug|Any CPU.Build.0 = Debug|Any CPU
		{32B9DA94-D037-4219-8C6D-B1305E07FB5E}.Release|Any CPU.ActiveCfg = Release|Any CPU
		{32B9DA94-D037-4219-8C6D-B1305E07FB5E}.Release|Any CPU.Build.0 = Release|Any CPU
		{8BA3557E-08C6-44B8-A669-D77C934EA909}.Debug|Any CPU.ActiveCfg = Debug|Any CPU
		{8BA3557E-08C6-44B8-A669-D77C934EA909}.Debug|Any CPU.Build.0 = Debug|Any CPU
		{8BA3557E-08C6-44B8-A669-D77C934EA909}.Release|Any CPU.ActiveCfg = Release|Any CPU
		{8BA3557E-08C6-44B8-A669-D77C934EA909}.Release|Any CPU.Build.0 = Release|Any CPU
		{20881A09-D4F8-45B1-B4EF-BAD5DB510A74}.Debug|Any CPU.ActiveCfg = Debug|Any CPU
		{20881A09-D4F8-45B1-B4EF-BAD5DB510A74}.Debug|Any CPU.Build.0 = Debug|Any CPU
		{20881A09-D4F8-45B1-B4EF-BAD5DB510A74}.Release|Any CPU.ActiveCfg = Release|Any CPU
		{20881A09-D4F8-45B1-B4EF-BAD5DB510A74}.Release|Any CPU.Build.0 = Release|Any CPU
	EndGlobalSection
	GlobalSection(SolutionProperties) = preSolution
		HideSolutionNode = FALSE
	EndGlobalSection
	GlobalSection(NestedProjects) = preSolution
		{F5BF8885-0D39-4A53-B0C4-CCAC47FF6C3A} = {BB6180E8-C342-4336-9B4C-5D4DB1CB1B46}
		{25AD7DD5-74E4-4F51-B7F3-E1F82BCA628D} = {F5BF8885-0D39-4A53-B0C4-CCAC47FF6C3A}
		{6450ECC0-DDBC-48DD-BCD9-5D98A09A5FD7} = {25AD7DD5-74E4-4F51-B7F3-E1F82BCA628D}
		{088585AC-1950-49B1-ADAB-DDEADE923785} = {BB6180E8-C342-4336-9B4C-5D4DB1CB1B46}
		{1CA5122D-97A6-4DAC-ADBE-1DF7AF31FA88} = {088585AC-1950-49B1-ADAB-DDEADE923785}
		{D9C8CAFE-EE43-44F3-AF7C-EDDD0FF8F9D4} = {1CA5122D-97A6-4DAC-ADBE-1DF7AF31FA88}
		{D9E491B4-4D0E-483A-852D-03D7C50A3054} = {F5BF8885-0D39-4A53-B0C4-CCAC47FF6C3A}
		{32B9DA94-D037-4219-8C6D-B1305E07FB5E} = {D9E491B4-4D0E-483A-852D-03D7C50A3054}
		{8A6EA94E-2E40-4B2F-A630-49BFC9A96E53} = {088585AC-1950-49B1-ADAB-DDEADE923785}
		{8BA3557E-08C6-44B8-A669-D77C934EA909} = {8A6EA94E-2E40-4B2F-A630-49BFC9A96E53}
		{2E2A7F11-95DC-4292-81F5-EEE4457AF034} = {F5BF8885-0D39-4A53-B0C4-CCAC47FF6C3A}
		{20881A09-D4F8-45B1-B4EF-BAD5DB510A74} = {2E2A7F11-95DC-4292-81F5-EEE4457AF034}
	EndGlobalSection
	GlobalSection(ExtensibilityGlobals) = postSolution
		SolutionGuid = {698239DF-2806-4CA3-B9A6-2E3D9C42866E}
	EndGlobalSection
EndGlobal
